
Microsoft Visual Studio Solution File, Format Version 12.00
# Visual Studio 15
VisualStudioVersion = 15.0.27004.2005
MinimumVisualStudioVersion = 10.0.40219.1
Project("{FAE04EC0-301F-11D3-BF4B-00C04F79EFBC}") = "BluetoothLock", "BluetoothLock\BluetoothLock.csproj", "{42463325-A182-4AEA-897D-B7C21110556C}"
EndProject
Global
	GlobalSection(SolutionConfigurationPlatforms) = preSolution
		Debug|Any CPU = Debug|Any CPU
		Release|Any CPU = Release|Any CPU
	EndGlobalSection
	GlobalSection(ProjectConfigurationPlatforms) = postSolution
		{42463325-A182-4AEA-897D-B7C21110556C}.Debug|Any CPU.ActiveCfg = Debug|Any CPU
		{42463325-A182-4AEA-897D-B7C21110556C}.Debug|Any CPU.Build.0 = Debug|Any CPU
		{42463325-A182-4AEA-897D-B7C21110556C}.Release|Any CPU.ActiveCfg = Release|Any CPU
		{42463325-A182-4AEA-897D-B7C21110556C}.Release|Any CPU.Build.0 = Release|Any CPU
	EndGlobalSection
	GlobalSection(SolutionProperties) = preSolution
		HideSolutionNode = FALSE
	EndGlobalSection
	GlobalSection(ExtensibilityGlobals) = postSolution
		SolutionGuid = {3EE70638-668B-4447-9F02-5FE7BA2EDB98}
	EndGlobalSection
EndGlobal
